// !$*UTF8*$!
{
	archiveVersion = 1;
	classes = {
	};
	objectVersion = 50;
	objects = {

/* Begin PBXBuildFile section */
		BB8C3AD1209D178B000BBD02 /* AppDelegate.swift in Sources */ = {isa = PBXBuildFile; fileRef = BB8C3AD0209D178B000BBD02 /* AppDelegate.swift */; };
		BB8C3AD6209D178B000BBD02 /* Main.storyboard in Resources */ = {isa = PBXBuildFile; fileRef = BB8C3AD4209D178B000BBD02 /* Main.storyboard */; };
		BB8C3AD8209D178C000BBD02 /* Assets.xcassets in Resources */ = {isa = PBXBuildFile; fileRef = BB8C3AD7209D178C000BBD02 /* Assets.xcassets */; };
		BB8C3ADB209D178C000BBD02 /* LaunchScreen.storyboard in Resources */ = {isa = PBXBuildFile; fileRef = BB8C3AD9209D178C000BBD02 /* LaunchScreen.storyboard */; };
		BB8C3AE5209D1B0F000BBD02 /* AllCharactersViewController.swift in Sources */ = {isa = PBXBuildFile; fileRef = BB8C3AE4209D1B0F000BBD02 /* AllCharactersViewController.swift */; };
/* End PBXBuildFile section */

/* Begin PBXFileReference section */
		BB8C3ACD209D178B000BBD02 /* Game Of Thrones Wiki.app */ = {isa = PBXFileReference; explicitFileType = wrapper.application; includeInIndex = 0; path = "Game Of Thrones Wiki.app"; sourceTree = BUILT_PRODUCTS_DIR; };
		BB8C3AD0209D178B000BBD02 /* AppDelegate.swift */ = {isa = PBXFileReference; lastKnownFileType = sourcecode.swift; path = AppDelegate.swift; sourceTree = "<group>"; };
		BB8C3AD5209D178B000BBD02 /* Base */ = {isa = PBXFileReference; lastKnownFileType = file.storyboard; name = Base; path = Base.lproj/Main.storyboard; sourceTree = "<group>"; };
		BB8C3AD7209D178C000BBD02 /* Assets.xcassets */ = {isa = PBXFileReference; lastKnownFileType = folder.assetcatalog; path = Assets.xcassets; sourceTree = "<group>"; };
		BB8C3ADA209D178C000BBD02 /* Base */ = {isa = PBXFileReference; lastKnownFileType = file.storyboard; name = Base; path = Base.lproj/LaunchScreen.storyboard; sourceTree = "<group>"; };
		BB8C3ADC209D178C000BBD02 /* Info.plist */ = {isa = PBXFileReference; lastKnownFileType = text.plist.xml; path = Info.plist; sourceTree = "<group>"; };
		BB8C3AE4209D1B0F000BBD02 /* AllCharactersViewController.swift */ = {isa = PBXFileReference; lastKnownFileType = sourcecode.swift; path = AllCharactersViewController.swift; sourceTree = "<group>"; };
/* End PBXFileReference section */

/* Begin PBXFrameworksBuildPhase section */
		BB8C3ACA209D178B000BBD02 /* Frameworks */ = {
			isa = PBXFrameworksBuildPhase;
			buildActionMask = 2147483647;
			files = (
			);
			runOnlyForDeploymentPostprocessing = 0;
		};
/* End PBXFrameworksBuildPhase section */

/* Begin PBXGroup section */
		BB8C3AC4209D178B000BBD02 = {
			isa = PBXGroup;
			children = (
				BB8C3ACF209D178B000BBD02 /* Game Of Thrones Wiki */,
				BB8C3ACE209D178B000BBD02 /* Products */,
			);
			sourceTree = "<group>";
		};
		BB8C3ACE209D178B000BBD02 /* Products */ = {
			isa = PBXGroup;
			children = (
				BB8C3ACD209D178B000BBD02 /* Game Of Thrones Wiki.app */,
			);
			name = Products;
			sourceTree = "<group>";
		};
		BB8C3ACF209D178B000BBD02 /* Game Of Thrones Wiki */ = {
			isa = PBXGroup;
			children = (
				BB8C3AE3209D1AE9000BBD02 /* Models */,
				BB8C3AE2209D1AE3000BBD02 /* ViewControllers */,
				BB8C3AD0209D178B000BBD02 /* AppDelegate.swift */,
				BB8C3AD4209D178B000BBD02 /* Main.storyboard */,
				BB8C3AD7209D178C000BBD02 /* Assets.xcassets */,
				BB8C3AD9209D178C000BBD02 /* LaunchScreen.storyboard */,
				BB8C3ADC209D178C000BBD02 /* Info.plist */,
			);
			path = "Game Of Thrones Wiki";
			sourceTree = "<group>";
		};
		BB8C3AE2209D1AE3000BBD02 /* ViewControllers */ = {
			isa = PBXGroup;
			children = (
				BB8C3AE4209D1B0F000BBD02 /* AllCharactersViewController.swift */,
			);
			path = ViewControllers;
			sourceTree = "<group>";
		};
		BB8C3AE3209D1AE9000BBD02 /* Models */ = {
			isa = PBXGroup;
			children = (
			);
			path = Models;
			sourceTree = "<group>";
		};
/* End PBXGroup section */

/* Begin PBXNativeTarget section */
		BB8C3ACC209D178B000BBD02 /* Game Of Thrones Wiki */ = {
			isa = PBXNativeTarget;
			buildConfigurationList = BB8C3ADF209D178C000BBD02 /* Build configuration list for PBXNativeTarget "Game Of Thrones Wiki" */;
			buildPhases = (
				BB8C3AC9209D178B000BBD02 /* Sources */,
				BB8C3ACA209D178B000BBD02 /* Frameworks */,
				BB8C3ACB209D178B000BBD02 /* Resources */,
			);
			buildRules = (
			);
			dependencies = (
			);
			name = "Game Of Thrones Wiki";
			productName = "Game Of Thrones Wiki";
			productReference = BB8C3ACD209D178B000BBD02 /* Game Of Thrones Wiki.app */;
			productType = "com.apple.product-type.application";
		};
/* End PBXNativeTarget section */

/* Begin PBXProject section */
		BB8C3AC5209D178B000BBD02 /* Project object */ = {
			isa = PBXProject;
			attributes = {
				LastSwiftUpdateCheck = 0930;
				LastUpgradeCheck = 0930;
				ORGANIZATIONNAME = "Samman Labs";
				TargetAttributes = {
					BB8C3ACC209D178B000BBD02 = {
						CreatedOnToolsVersion = 9.3;
					};
				};
			};
			buildConfigurationList = BB8C3AC8209D178B000BBD02 /* Build configuration list for PBXProject "Game Of Thrones Wiki" */;
			compatibilityVersion = "Xcode 9.3";
			developmentRegion = en;
			hasScannedForEncodings = 0;
			knownRegions = (
				en,
				Base,
			);
			mainGroup = BB8C3AC4209D178B000BBD02;
			productRefGroup = BB8C3ACE209D178B000BBD02 /* Products */;
			projectDirPath = "";
			projectRoot = "";
			targets = (
				BB8C3ACC209D178B000BBD02 /* Game Of Thrones Wiki */,
			);
		};
/* End PBXProject section */

/* Begin PBXResourcesBuildPhase section */
		BB8C3ACB209D178B000BBD02 /* Resources */ = {
			isa = PBXResourcesBuildPhase;
			buildActionMask = 2147483647;
			files = (
				BB8C3ADB209D178C000BBD02 /* LaunchScreen.storyboard in Resources */,
				BB8C3AD8209D178C000BBD02 /* Assets.xcassets in Resources */,
				BB8C3AD6209D178B000BBD02 /* Main.storyboard in Resources */,
			);
			runOnlyForDeploymentPostprocessing = 0;
		};
/* End PBXResourcesBuildPhase section */

/* Begin PBXSourcesBuildPhase section */
		BB8C3AC9209D178B000BBD02 /* Sources */ = {
			isa = PBXSourcesBuildPhase;
			buildActionMask = 2147483647;
			files = (
				BB8C3AE5209D1B0F000BBD02 /* AllCharactersViewController.swift in Sources */,
				BB8C3AD1209D178B000BBD02 /* AppDelegate.swift in Sources */,
			);
			runOnlyForDeploymentPostprocessing = 0;
		};
/* End PBXSourcesBuildPhase section */

/* Begin PBXVariantGroup section */
		BB8C3AD4209D178B000BBD02 /* Main.storyboard */ = {
			isa = PBXVariantGroup;
			children = (
				BB8C3AD5209D178B000BBD02 /* Base */,
			);
			name = Main.storyboard;
			sourceTree = "<group>";
		};
		BB8C3AD9209D178C000BBD02 /* LaunchScreen.storyboard */ = {
			isa = PBXVariantGroup;
			children = (
				BB8C3ADA209D178C000BBD02 /* Base */,
			);
			name = LaunchScreen.storyboard;
			sourceTree = "<group>";
		};
/* End PBXVariantGroup section */

/* Begin XCBuildConfiguration section */
		BB8C3ADD209D178C000BBD02 /* Debug */ = {
			isa = XCBuildConfiguration;
			buildSettings = {
				ALWAYS_SEARCH_USER_PATHS = NO;
				CLANG_ANALYZER_NONNULL = YES;
				CLANG_ANALYZER_NUMBER_OBJECT_CONVERSION = YES_AGGRESSIVE;
				CLANG_CXX_LANGUAGE_STANDARD = "gnu++14";
				CLANG_CXX_LIBRARY = "libc++";
				CLANG_ENABLE_MODULES = YES;
				CLANG_ENABLE_OBJC_ARC = YES;
				CLANG_ENABLE_OBJC_WEAK = YES;
				CLANG_WARN_BLOCK_CAPTURE_AUTORELEASING = YES;
				CLANG_WARN_BOOL_CONVERSION = YES;
				CLANG_WARN_COMMA = YES;
				CLANG_WARN_CONSTANT_CONVERSION = YES;
				CLANG_WARN_DEPRECATED_OBJC_IMPLEMENTATIONS = YES;
				CLANG_WARN_DIRECT_OBJC_ISA_USAGE = YES_ERROR;
				CLANG_WARN_DOCUMENTATION_COMMENTS = YES;
				CLANG_WARN_EMPTY_BODY = YES;
				CLANG_WARN_ENUM_CONVERSION = YES;
				CLANG_WARN_INFINITE_RECURSION = YES;
				CLANG_WARN_INT_CONVERSION = YES;
				CLANG_WARN_NON_LITERAL_NULL_CONVERSION = YES;
				CLANG_WARN_OBJC_IMPLICIT_RETAIN_SELF = YES;
				CLANG_WARN_OBJC_LITERAL_CONVERSION = YES;
				CLANG_WARN_OBJC_ROOT_CLASS = YES_ERROR;
				CLANG_WARN_RANGE_LOOP_ANALYSIS = YES;
				CLANG_WARN_STRICT_PROTOTYPES = YES;
				CLANG_WARN_SUSPICIOUS_MOVE = YES;
				CLANG_WARN_UNGUARDED_AVAILABILITY = YES_AGGRESSIVE;
				CLANG_WARN_UNREACHABLE_CODE = YES;
				CLANG_WARN__DUPLICATE_METHOD_MATCH = YES;
				CODE_SIGN_IDENTITY = "iPhone Developer";
				COPY_PHASE_STRIP = NO;
				DEBUG_INFORMATION_FORMAT = dwarf;
				ENABLE_STRICT_OBJC_MSGSEND = YES;
				ENABLE_TESTABILITY = YES;
				GCC_C_LANGUAGE_STANDARD = gnu11;
				GCC_DYNAMIC_NO_PIC = NO;
				GCC_NO_COMMON_BLOCKS = YES;
				GCC_OPTIMIZATION_LEVEL = 0;
				GCC_PREPROCESSOR_DEFINITIONS = (
					"DEBUG=1",
					"$(inherited)",
				);
				GCC_WARN_64_TO_32_BIT_CONVERSION = YES;
				GCC_WARN_ABOUT_RETURN_TYPE = YES_ERROR;
				GCC_WARN_UNDECLARED_SELECTOR = YES;
				GCC_WARN_UNINITIALIZED_AUTOS = YES_AGGRESSIVE;
				GCC_WARN_UNUSED_FUNCTION = YES;
				GCC_WARN_UNUSED_VARIABLE = YES;
				IPHONEOS_DEPLOYMENT_TARGET = 11.3;
				MTL_ENABLE_DEBUG_INFO = YES;
				ONLY_ACTIVE_ARCH = YES;
				SDKROOT = iphoneos;
				SWIFT_ACTIVE_COMPILATION_CONDITIONS = DEBUG;
				SWIFT_OPTIMIZATION_LEVEL = "-Onone";
			};
			name = Debug;
		};
		BB8C3ADE209D178C000BBD02 /* Release */ = {
			isa = XCBuildConfiguration;
			buildSettings = {
				ALWAYS_SEARCH_USER_PATHS = NO;
				CLANG_ANALYZER_NONNULL = YES;
				CLANG_ANALYZER_NUMBER_OBJECT_CONVERSION = YES_AGGRESSIVE;
				CLANG_CXX_LANGUAGE_STANDARD = "gnu++14";
				CLANG_CXX_LIBRARY = "libc++";
				CLANG_ENABLE_MODULES = YES;
				CLANG_ENABLE_OBJC_ARC = YES;
				CLANG_ENABLE_OBJC_WEAK = YES;
				CLANG_WARN_BLOCK_CAPTURE_AUTORELEASING = YES;
				CLANG_WARN_BOOL_CONVERSION = YES;
				CLANG_WARN_COMMA = YES;
				CLANG_WARN_CONSTANT_CONVERSION = YES;
				CLANG_WARN_DEPRECATED_OBJC_IMPLEMENTATIONS = YES;
				CLANG_WARN_DIRECT_OBJC_ISA_USAGE = YES_ERROR;
				CLANG_WARN_DOCUMENTATION_COMMENTS = YES;
				CLANG_WARN_EMPTY_BODY = YES;
				CLANG_WARN_ENUM_CONVERSION = YES;
				CLANG_WARN_INFINITE_RECURSION = YES;
				CLANG_WARN_INT_CONVERSION = YES;
				CLANG_WARN_NON_LITERAL_NULL_CONVERSION = YES;
				CLANG_WARN_OBJC_IMPLICIT_RETAIN_SELF = YES;
				CLANG_WARN_OBJC_LITERAL_CONVERSION = YES;
				CLANG_WARN_OBJC_ROOT_CLASS = YES_ERROR;
				CLANG_WARN_RANGE_LOOP_ANALYSIS = YES;
				CLANG_WARN_STRICT_PROTOTYPES = YES;
				CLANG_WARN_SUSPICIOUS_MOVE = YES;
				CLANG_WARN_UNGUARDED_AVAILABILITY = YES_AGGRESSIVE;
				CLANG_WARN_UNREACHABLE_CODE = YES;
				CLANG_WARN__DUPLICATE_METHOD_MATCH = YES;
				CODE_SIGN_IDENTITY = "iPhone Developer";
				COPY_PHASE_STRIP = NO;
				DEBUG_INFORMATION_FORMAT = "dwarf-with-dsym";
				ENABLE_NS_ASSERTIONS = NO;
				ENABLE_STRICT_OBJC_MSGSEND = YES;
				GCC_C_LANGUAGE_STANDARD = gnu11;
				GCC_NO_COMMON_BLOCKS = YES;
				GCC_WARN_64_TO_32_BIT_CONVERSION = YES;
				GCC_WARN_ABOUT_RETURN_TYPE = YES_ERROR;
				GCC_WARN_UNDECLARED_SELECTOR = YES;
				GCC_WARN_UNINITIALIZED_AUTOS = YES_AGGRESSIVE;
				GCC_WARN_UNUSED_FUNCTION = YES;
				GCC_WARN_UNUSED_VARIABLE = YES;
				IPHONEOS_DEPLOYMENT_TARGET = 11.3;
				MTL_ENABLE_DEBUG_INFO = NO;
				SDKROOT = iphoneos;
				SWIFT_COMPILATION_MODE = wholemodule;
				SWIFT_OPTIMIZATION_LEVEL = "-O";
				VALIDATE_PRODUCT = YES;
			};
			name = Release;
		};
		BB8C3AE0209D178C000BBD02 /* Debug */ = {
			isa = XCBuildConfiguration;
			buildSettings = {
				ASSETCATALOG_COMPILER_APPICON_NAME = AppIcon;
				CODE_SIGN_STYLE = Automatic;
				DEVELOPMENT_TEAM = K86KHC28SR;
				INFOPLIST_FILE = "Game Of Thrones Wiki/Info.plist";
				LD_RUNPATH_SEARCH_PATHS = (
					"$(inherited)",
					"@executable_path/Frameworks",
				);
				PRODUCT_BUNDLE_IDENTIFIER = "com.sammanapps.Game-Of-Thrones-Wiki";
				PRODUCT_NAME = "$(TARGET_NAME)";
				SWIFT_VERSION = 4.0;
				TARGETED_DEVICE_FAMILY = "1,2";
			};
			name = Debug;
		};
		BB8C3AE1209D178C000BBD02 /* Release */ = {
			isa = XCBuildConfiguration;
			buildSettings = {
				ASSETCATALOG_COMPILER_APPICON_NAME = AppIcon;
				CODE_SIGN_STYLE = Automatic;
				DEVELOPMENT_TEAM = K86KHC28SR;
				INFOPLIST_FILE = "Game Of Thrones Wiki/Info.plist";
				LD_RUNPATH_SEARCH_PATHS = (
					"$(inherited)",
					"@executable_path/Frameworks",
				);
				PRODUCT_BUNDLE_IDENTIFIER = "com.sammanapps.Game-Of-Thrones-Wiki";
				PRODUCT_NAME = "$(TARGET_NAME)";
				SWIFT_VERSION = 4.0;
				TARGETED_DEVICE_FAMILY = "1,2";
			};
			name = Release;
		};
/* End XCBuildConfiguration section */

/* Begin XCConfigurationList section */
		BB8C3AC8209D178B000BBD02 /* Build configuration list for PBXProject "Game Of Thrones Wiki" */ = {
			isa = XCConfigurationList;
			buildConfigurations = (
				BB8C3ADD209D178C000BBD02 /* Debug */,
				BB8C3ADE209D178C000BBD02 /* Release */,
			);
			defaultConfigurationIsVisible = 0;
			defaultConfigurationName = Release;
		};
		BB8C3ADF209D178C000BBD02 /* Build configuration list for PBXNativeTarget "Game Of Thrones Wiki" */ = {
			isa = XCConfigurationList;
			buildConfigurations = (
				BB8C3AE0209D178C000BBD02 /* Debug */,
				BB8C3AE1209D178C000BBD02 /* Release */,
			);
			defaultConfigurationIsVisible = 0;
			defaultConfigurationName = Release;
		};
/* End XCConfigurationList section */
	};
	rootObject = BB8C3AC5209D178B000BBD02 /* Project object */;
}
